
Microsoft Visual Studio Solution File, Format Version 12.00
# Visual Studio Version 17
VisualStudioVersion = 17.3.32825.248
MinimumVisualStudioVersion = 10.0.40219.1
Project("{FAE04EC0-301F-11D3-BF4B-00C04F79EFBC}") = "EmpProject", "EmpProject\EmpProject.csproj", "{46540B68-2D60-49EE-82B9-61C78DE9EF19}"
EndProject
Global
	GlobalSection(SolutionConfigurationPlatforms) = preSolution
		Debug|Any CPU = Debug|Any CPU
		Release|Any CPU = Release|Any CPU
	EndGlobalSection
	GlobalSection(ProjectConfigurationPlatforms) = postSolution
		{46540B68-2D60-49EE-82B9-61C78DE9EF19}.Debug|Any CPU.ActiveCfg = Debug|Any CPU
		{46540B68-2D60-49EE-82B9-61C78DE9EF19}.Debug|Any CPU.Build.0 = Debug|Any CPU
		{46540B68-2D60-49EE-82B9-61C78DE9EF19}.Release|Any CPU.ActiveCfg = Release|Any CPU
		{46540B68-2D60-49EE-82B9-61C78DE9EF19}.Release|Any CPU.Build.0 = Release|Any CPU
	EndGlobalSection
	GlobalSection(SolutionProperties) = preSolution
		HideSolutionNode = FALSE
	EndGlobalSection
	GlobalSection(ExtensibilityGlobals) = postSolution
		SolutionGuid = {08649691-BB21-4740-81A6-16A0BF106ADE}
	EndGlobalSection
EndGlobal
